
Microsoft Visual Studio Solution File, Format Version 12.00
# Visual Studio Version 17
VisualStudioVersion = 17.11.35327.3
MinimumVisualStudioVersion = 10.0.40219.1
Project("{8BC9CEB8-8B4A-11D0-8D11-00A0C91BC942}") = "SDLTerminal", "SDLTerminal\SDLTerminal.vcxproj", "{EDFD6F0E-61D1-4B8F-9663-2CADEA5BB65E}"
EndProject
Global
	GlobalSection(SolutionConfigurationPlatforms) = preSolution
		Debug|x64 = Debug|x64
		Release|x64 = Release|x64
	EndGlobalSection
	GlobalSection(ProjectConfigurationPlatforms) = postSolution
		{EDFD6F0E-61D1-4B8F-9663-2CADEA5BB65E}.Debug|x64.ActiveCfg = Debug|x64
		{EDFD6F0E-61D1-4B8F-9663-2CADEA5BB65E}.Debug|x64.Build.0 = Debug|x64
		{EDFD6F0E-61D1-4B8F-9663-2CADEA5BB65E}.Release|x64.ActiveCfg = Release|x64
		{EDFD6F0E-61D1-4B8F-9663-2CADEA5BB65E}.Release|x64.Build.0 = Release|x64
	EndGlobalSection
	GlobalSection(SolutionProperties) = preSolution
		HideSolutionNode = FALSE
	EndGlobalSection
	GlobalSection(ExtensibilityGlobals) = postSolution
		SolutionGuid = {50FF8B00-7D89-4EB0-A990-9F3C6574F68F}
	EndGlobalSection
EndGlobal
